// !$*UTF8*$!
{
	archiveVersion = 1;
	classes = {
	};
	objectVersion = 46;
	objects = {

/* Begin PBXBuildFile section */
		6C975EF41A749CA900D29E83 /* AppDelegate.m in Sources */ = {isa = PBXBuildFile; fileRef = 6C975EF31A749CA900D29E83 /* AppDelegate.m */; };
		6C975EF61A749CA900D29E83 /* main.m in Sources */ = {isa = PBXBuildFile; fileRef = 6C975EF51A749CA900D29E83 /* main.m */; };
		6C975EFB1A749CA900D29E83 /* Images.xcassets in Resources */ = {isa = PBXBuildFile; fileRef = 6C975EFA1A749CA900D29E83 /* Images.xcassets */; };
		6C975EFE1A749CA900D29E83 /* Main.storyboard in Resources */ = {isa = PBXBuildFile; fileRef = 6C975EFC1A749CA900D29E83 /* Main.storyboard */; };
		6C975F0A1A749CA900D29E83 /* HW2Tests.m in Sources */ = {isa = PBXBuildFile; fileRef = 6C975F091A749CA900D29E83 /* HW2Tests.m */; };
		6C975F151A74AF3700D29E83 /* MasterVolumeViewController.m in Sources */ = {isa = PBXBuildFile; fileRef = 6C975F141A74AF3700D29E83 /* MasterVolumeViewController.m */; };
		6C975F1D1A74AFA800D29E83 /* NumberDisplayViewController.m in Sources */ = {isa = PBXBuildFile; fileRef = 6C975F1C1A74AFA800D29E83 /* NumberDisplayViewController.m */; };
/* End PBXBuildFile section */

/* Begin PBXContainerItemProxy section */
		6C975F041A749CA900D29E83 /* PBXContainerItemProxy */ = {
			isa = PBXContainerItemProxy;
			containerPortal = 6C975EE51A749CA900D29E83 /* Project object */;
			proxyType = 1;
			remoteGlobalIDString = 6C975EEC1A749CA900D29E83;
			remoteInfo = HW2;
		};
/* End PBXContainerItemProxy section */

/* Begin PBXFileReference section */
		6C975EED1A749CA900D29E83 /* HW2.app */ = {isa = PBXFileReference; explicitFileType = wrapper.application; includeInIndex = 0; path = HW2.app; sourceTree = BUILT_PRODUCTS_DIR; };
		6C975EF11A749CA900D29E83 /* Info.plist */ = {isa = PBXFileReference; lastKnownFileType = text.plist.xml; path = Info.plist; sourceTree = "<group>"; };
		6C975EF21A749CA900D29E83 /* AppDelegate.h */ = {isa = PBXFileReference; lastKnownFileType = sourcecode.c.h; path = AppDelegate.h; sourceTree = "<group>"; };
		6C975EF31A749CA900D29E83 /* AppDelegate.m */ = {isa = PBXFileReference; lastKnownFileType = sourcecode.c.objc; path = AppDelegate.m; sourceTree = "<group>"; };
		6C975EF51A749CA900D29E83 /* main.m */ = {isa = PBXFileReference; lastKnownFileType = sourcecode.c.objc; path = main.m; sourceTree = "<group>"; };
		6C975EFA1A749CA900D29E83 /* Images.xcassets */ = {isa = PBXFileReference; lastKnownFileType = folder.assetcatalog; path = Images.xcassets; sourceTree = "<group>"; };
		6C975EFD1A749CA900D29E83 /* Base */ = {isa = PBXFileReference; lastKnownFileType = file.storyboard; name = Base; path = Base.lproj/Main.storyboard; sourceTree = "<group>"; };
		6C975F031A749CA900D29E83 /* HW2Tests.xctest */ = {isa = PBXFileReference; explicitFileType = wrapper.cfbundle; includeInIndex = 0; path = HW2Tests.xctest; sourceTree = BUILT_PRODUCTS_DIR; };
		6C975F081A749CA900D29E83 /* Info.plist */ = {isa = PBXFileReference; lastKnownFileType = text.plist.xml; path = Info.plist; sourceTree = "<group>"; };
		6C975F091A749CA900D29E83 /* HW2Tests.m */ = {isa = PBXFileReference; lastKnownFileType = sourcecode.c.objc; path = HW2Tests.m; sourceTree = "<group>"; };
		6C975F131A74AF3700D29E83 /* MasterVolumeViewController.h */ = {isa = PBXFileReference; fileEncoding = 4; lastKnownFileType = sourcecode.c.h; path = MasterVolumeViewController.h; sourceTree = "<group>"; };
		6C975F141A74AF3700D29E83 /* MasterVolumeViewController.m */ = {isa = PBXFileReference; fileEncoding = 4; lastKnownFileType = sourcecode.c.objc; path = MasterVolumeViewController.m; sourceTree = "<group>"; };
		6C975F1B1A74AFA800D29E83 /* NumberDisplayViewController.h */ = {isa = PBXFileReference; fileEncoding = 4; lastKnownFileType = sourcecode.c.h; path = NumberDisplayViewController.h; sourceTree = "<group>"; };
		6C975F1C1A74AFA800D29E83 /* NumberDisplayViewController.m */ = {isa = PBXFileReference; fileEncoding = 4; lastKnownFileType = sourcecode.c.objc; path = NumberDisplayViewController.m; sourceTree = "<group>"; };
/* End PBXFileReference section */

/* Begin PBXFrameworksBuildPhase section */
		6C975EEA1A749CA900D29E83 /* Frameworks */ = {
			isa = PBXFrameworksBuildPhase;
			buildActionMask = 2147483647;
			files = (
			);
			runOnlyForDeploymentPostprocessing = 0;
		};
		6C975F001A749CA900D29E83 /* Frameworks */ = {
			isa = PBXFrameworksBuildPhase;
			buildActionMask = 2147483647;
			files = (
			);
			runOnlyForDeploymentPostprocessing = 0;
		};
/* End PBXFrameworksBuildPhase section */

/* Begin PBXGroup section */
		6C975EE41A749CA900D29E83 = {
			isa = PBXGroup;
			children = (
				6C975EEF1A749CA900D29E83 /* HW2 */,
				6C975F061A749CA900D29E83 /* HW2Tests */,
				6C975EEE1A749CA900D29E83 /* Products */,
			);
			sourceTree = "<group>";
		};
		6C975EEE1A749CA900D29E83 /* Products */ = {
			isa = PBXGroup;
			children = (
				6C975EED1A749CA900D29E83 /* HW2.app */,
				6C975F031A749CA900D29E83 /* HW2Tests.xctest */,
			);
			name = Products;
			sourceTree = "<group>";
		};
		6C975EEF1A749CA900D29E83 /* HW2 */ = {
			isa = PBXGroup;
			children = (
				6C975EF21A749CA900D29E83 /* AppDelegate.h */,
				6C975EF31A749CA900D29E83 /* AppDelegate.m */,
				6C975EFA1A749CA900D29E83 /* Images.xcassets */,
				6C975EFC1A749CA900D29E83 /* Main.storyboard */,
				6C975F131A74AF3700D29E83 /* MasterVolumeViewController.h */,
				6C975F141A74AF3700D29E83 /* MasterVolumeViewController.m */,
				6C975F1B1A74AFA800D29E83 /* NumberDisplayViewController.h */,
				6C975F1C1A74AFA800D29E83 /* NumberDisplayViewController.m */,
				6C975EF01A749CA900D29E83 /* Supporting Files */,
			);
			path = HW2;
			sourceTree = "<group>";
		};
		6C975EF01A749CA900D29E83 /* Supporting Files */ = {
			isa = PBXGroup;
			children = (
				6C975EF11A749CA900D29E83 /* Info.plist */,
				6C975EF51A749CA900D29E83 /* main.m */,
			);
			name = "Supporting Files";
			sourceTree = "<group>";
		};
		6C975F061A749CA900D29E83 /* HW2Tests */ = {
			isa = PBXGroup;
			children = (
				6C975F091A749CA900D29E83 /* HW2Tests.m */,
				6C975F071A749CA900D29E83 /* Supporting Files */,
			);
			path = HW2Tests;
			sourceTree = "<group>";
		};
		6C975F071A749CA900D29E83 /* Supporting Files */ = {
			isa = PBXGroup;
			children = (
				6C975F081A749CA900D29E83 /* Info.plist */,
			);
			name = "Supporting Files";
			sourceTree = "<group>";
		};
/* End PBXGroup section */

/* Begin PBXNativeTarget section */
		6C975EEC1A749CA900D29E83 /* HW2 */ = {
			isa = PBXNativeTarget;
			buildConfigurationList = 6C975F0D1A749CA900D29E83 /* Build configuration list for PBXNativeTarget "HW2" */;
			buildPhases = (
				6C975EE91A749CA900D29E83 /* Sources */,
				6C975EEA1A749CA900D29E83 /* Frameworks */,
				6C975EEB1A749CA900D29E83 /* Resources */,
			);
			buildRules = (
			);
			dependencies = (
			);
			name = HW2;
			productName = HW2;
			productReference = 6C975EED1A749CA900D29E83 /* HW2.app */;
			productType = "com.apple.product-type.application";
		};
		6C975F021A749CA900D29E83 /* HW2Tests */ = {
			isa = PBXNativeTarget;
			buildConfigurationList = 6C975F101A749CA900D29E83 /* Build configuration list for PBXNativeTarget "HW2Tests" */;
			buildPhases = (
				6C975EFF1A749CA900D29E83 /* Sources */,
				6C975F001A749CA900D29E83 /* Frameworks */,
				6C975F011A749CA900D29E83 /* Resources */,
			);
			buildRules = (
			);
			dependencies = (
				6C975F051A749CA900D29E83 /* PBXTargetDependency */,
			);
			name = HW2Tests;
			productName = HW2Tests;
			productReference = 6C975F031A749CA900D29E83 /* HW2Tests.xctest */;
			productType = "com.apple.product-type.bundle.unit-test";
		};
/* End PBXNativeTarget section */

/* Begin PBXProject section */
		6C975EE51A749CA900D29E83 /* Project object */ = {
			isa = PBXProject;
			attributes = {
				LastUpgradeCheck = 0610;
				ORGANIZATIONNAME = "keren man";
				TargetAttributes = {
					6C975EEC1A749CA900D29E83 = {
						CreatedOnToolsVersion = 6.1.1;
					};
					6C975F021A749CA900D29E83 = {
						CreatedOnToolsVersion = 6.1.1;
						TestTargetID = 6C975EEC1A749CA900D29E83;
					};
				};
			};
			buildConfigurationList = 6C975EE81A749CA900D29E83 /* Build configuration list for PBXProject "HW2" */;
			compatibilityVersion = "Xcode 3.2";
			developmentRegion = English;
			hasScannedForEncodings = 0;
			knownRegions = (
				en,
				Base,
			);
			mainGroup = 6C975EE41A749CA900D29E83;
			productRefGroup = 6C975EEE1A749CA900D29E83 /* Products */;
			projectDirPath = "";
			projectRoot = "";
			targets = (
				6C975EEC1A749CA900D29E83 /* HW2 */,
				6C975F021A749CA900D29E83 /* HW2Tests */,
			);
		};
/* End PBXProject section */

/* Begin PBXResourcesBuildPhase section */
		6C975EEB1A749CA900D29E83 /* Resources */ = {
			isa = PBXResourcesBuildPhase;
			buildActionMask = 2147483647;
			files = (
				6C975EFB1A749CA900D29E83 /* Images.xcassets in Resources */,
				6C975EFE1A749CA900D29E83 /* Main.storyboard in Resources */,
			);
			runOnlyForDeploymentPostprocessing = 0;
		};
		6C975F011A749CA900D29E83 /* Resources */ = {
			isa = PBXResourcesBuildPhase;
			buildActionMask = 2147483647;
			files = (
			);
			runOnlyForDeploymentPostprocessing = 0;
		};
/* End PBXResourcesBuildPhase section */

/* Begin PBXSourcesBuildPhase section */
		6C975EE91A749CA900D29E83 /* Sources */ = {
			isa = PBXSourcesBuildPhase;
			buildActionMask = 2147483647;
			files = (
				6C975EF61A749CA900D29E83 /* main.m in Sources */,
				6C975F151A74AF3700D29E83 /* MasterVolumeViewController.m in Sources */,
				6C975F1D1A74AFA800D29E83 /* NumberDisplayViewController.m in Sources */,
				6C975EF41A749CA900D29E83 /* AppDelegate.m in Sources */,
			);
			runOnlyForDeploymentPostprocessing = 0;
		};
		6C975EFF1A749CA900D29E83 /* Sources */ = {
			isa = PBXSourcesBuildPhase;
			buildActionMask = 2147483647;
			files = (
				6C975F0A1A749CA900D29E83 /* HW2Tests.m in Sources */,
			);
			runOnlyForDeploymentPostprocessing = 0;
		};
/* End PBXSourcesBuildPhase section */

/* Begin PBXTargetDependency section */
		6C975F051A749CA900D29E83 /* PBXTargetDependency */ = {
			isa = PBXTargetDependency;
			target = 6C975EEC1A749CA900D29E83 /* HW2 */;
			targetProxy = 6C975F041A749CA900D29E83 /* PBXContainerItemProxy */;
		};
/* End PBXTargetDependency section */

/* Begin PBXVariantGroup section */
		6C975EFC1A749CA900D29E83 /* Main.storyboard */ = {
			isa = PBXVariantGroup;
			children = (
				6C975EFD1A749CA900D29E83 /* Base */,
			);
			name = Main.storyboard;
			sourceTree = "<group>";
		};
/* End PBXVariantGroup section */

/* Begin XCBuildConfiguration section */
		6C975F0B1A749CA900D29E83 /* Debug */ = {
			isa = XCBuildConfiguration;
			buildSettings = {
				ALWAYS_SEARCH_USER_PATHS = NO;
				CLANG_CXX_LANGUAGE_STANDARD = "gnu++0x";
				CLANG_CXX_LIBRARY = "libc++";
				CLANG_ENABLE_MODULES = YES;
				CLANG_ENABLE_OBJC_ARC = YES;
				CLANG_WARN_BOOL_CONVERSION = YES;
				CLANG_WARN_CONSTANT_CONVERSION = YES;
				CLANG_WARN_DIRECT_OBJC_ISA_USAGE = YES_ERROR;
				CLANG_WARN_EMPTY_BODY = YES;
				CLANG_WARN_ENUM_CONVERSION = YES;
				CLANG_WARN_INT_CONVERSION = YES;
				CLANG_WARN_OBJC_ROOT_CLASS = YES_ERROR;
				CLANG_WARN_UNREACHABLE_CODE = YES;
				CLANG_WARN__DUPLICATE_METHOD_MATCH = YES;
				CODE_SIGN_IDENTITY = "-";
				COPY_PHASE_STRIP = NO;
				ENABLE_STRICT_OBJC_MSGSEND = YES;
				GCC_C_LANGUAGE_STANDARD = gnu99;
				GCC_DYNAMIC_NO_PIC = NO;
				GCC_OPTIMIZATION_LEVEL = 0;
				GCC_PREPROCESSOR_DEFINITIONS = (
					"DEBUG=1",
					"$(inherited)",
				);
				GCC_SYMBOLS_PRIVATE_EXTERN = NO;
				GCC_WARN_64_TO_32_BIT_CONVERSION = YES;
				GCC_WARN_ABOUT_RETURN_TYPE = YES_ERROR;
				GCC_WARN_UNDECLARED_SELECTOR = YES;
				GCC_WARN_UNINITIALIZED_AUTOS = YES_AGGRESSIVE;
				GCC_WARN_UNUSED_FUNCTION = YES;
				GCC_WARN_UNUSED_VARIABLE = YES;
				MACOSX_DEPLOYMENT_TARGET = 10.10;
				MTL_ENABLE_DEBUG_INFO = YES;
				ONLY_ACTIVE_ARCH = YES;
				SDKROOT = macosx;
			};
			name = Debug;
		};
		6C975F0C1A749CA900D29E83 /* Release */ = {
			isa = XCBuildConfiguration;
			buildSettings = {
				ALWAYS_SEARCH_USER_PATHS = NO;
				CLANG_CXX_LANGUAGE_STANDARD = "gnu++0x";
				CLANG_CXX_LIBRARY = "libc++";
				CLANG_ENABLE_MODULES = YES;
				CLANG_ENABLE_OBJC_ARC = YES;
				CLANG_WARN_BOOL_CONVERSION = YES;
				CLANG_WARN_CONSTANT_CONVERSION = YES;
				CLANG_WARN_DIRECT_OBJC_ISA_USAGE = YES_ERROR;
				CLANG_WARN_EMPTY_BODY = YES;
				CLANG_WARN_ENUM_CONVERSION = YES;
				CLANG_WARN_INT_CONVERSION = YES;
				CLANG_WARN_OBJC_ROOT_CLASS = YES_ERROR;
				CLANG_WARN_UNREACHABLE_CODE = YES;
				CLANG_WARN__DUPLICATE_METHOD_MATCH = YES;
				CODE_SIGN_IDENTITY = "-";
				COPY_PHASE_STRIP = YES;
				DEBUG_INFORMATION_FORMAT = "dwarf-with-dsym";
				ENABLE_NS_ASSERTIONS = NO;
				ENABLE_STRICT_OBJC_MSGSEND = YES;
				GCC_C_LANGUAGE_STANDARD = gnu99;
				GCC_WARN_64_TO_32_BIT_CONVERSION = YES;
				GCC_WARN_ABOUT_RETURN_TYPE = YES_ERROR;
				GCC_WARN_UNDECLARED_SELECTOR = YES;
				GCC_WARN_UNINITIALIZED_AUTOS = YES_AGGRESSIVE;
				GCC_WARN_UNUSED_FUNCTION = YES;
				GCC_WARN_UNUSED_VARIABLE = YES;
				MACOSX_DEPLOYMENT_TARGET = 10.10;
				MTL_ENABLE_DEBUG_INFO = NO;
				SDKROOT = macosx;
			};
			name = Release;
		};
		6C975F0E1A749CA900D29E83 /* Debug */ = {
			isa = XCBuildConfiguration;
			buildSettings = {
				ASSETCATALOG_COMPILER_APPICON_NAME = AppIcon;
				COMBINE_HIDPI_IMAGES = YES;
				INFOPLIST_FILE = HW2/Info.plist;
				LD_RUNPATH_SEARCH_PATHS = "$(inherited) @executable_path/../Frameworks";
				PRODUCT_NAME = "$(TARGET_NAME)";
			};
			name = Debug;
		};
		6C975F0F1A749CA900D29E83 /* Release */ = {
			isa = XCBuildConfiguration;
			buildSettings = {
				ASSETCATALOG_COMPILER_APPICON_NAME = AppIcon;
				COMBINE_HIDPI_IMAGES = YES;
				INFOPLIST_FILE = HW2/Info.plist;
				LD_RUNPATH_SEARCH_PATHS = "$(inherited) @executable_path/../Frameworks";
				PRODUCT_NAME = "$(TARGET_NAME)";
			};
			name = Release;
		};
		6C975F111A749CA900D29E83 /* Debug */ = {
			isa = XCBuildConfiguration;
			buildSettings = {
				BUNDLE_LOADER = "$(TEST_HOST)";
				COMBINE_HIDPI_IMAGES = YES;
				FRAMEWORK_SEARCH_PATHS = (
					"$(DEVELOPER_FRAMEWORKS_DIR)",
					"$(inherited)",
				);
				GCC_PREPROCESSOR_DEFINITIONS = (
					"DEBUG=1",
					"$(inherited)",
				);
				INFOPLIST_FILE = HW2Tests/Info.plist;
				LD_RUNPATH_SEARCH_PATHS = "$(inherited) @executable_path/../Frameworks @loader_path/../Frameworks";
				PRODUCT_NAME = "$(TARGET_NAME)";
				TEST_HOST = "$(BUILT_PRODUCTS_DIR)/HW2.app/Contents/MacOS/HW2";
			};
			name = Debug;
		};
		6C975F121A749CA900D29E83 /* Release */ = {
			isa = XCBuildConfiguration;
			buildSettings = {
				BUNDLE_LOADER = "$(TEST_HOST)";
				COMBINE_HIDPI_IMAGES = YES;
				FRAMEWORK_SEARCH_PATHS = (
					"$(DEVELOPER_FRAMEWORKS_DIR)",
					"$(inherited)",
				);
				INFOPLIST_FILE = HW2Tests/Info.plist;
				LD_RUNPATH_SEARCH_PATHS = "$(inherited) @executable_path/../Frameworks @loader_path/../Frameworks";
				PRODUCT_NAME = "$(TARGET_NAME)";
				TEST_HOST = "$(BUILT_PRODUCTS_DIR)/HW2.app/Contents/MacOS/HW2";
			};
			name = Release;
		};
/* End XCBuildConfiguration section */

/* Begin XCConfigurationList section */
		6C975EE81A749CA900D29E83 /* Build configuration list for PBXProject "HW2" */ = {
			isa = XCConfigurationList;
			buildConfigurations = (
				6C975F0B1A749CA900D29E83 /* Debug */,
				6C975F0C1A749CA900D29E83 /* Release */,
			);
			defaultConfigurationIsVisible = 0;
			defaultConfigurationName = Release;
		};
		6C975F0D1A749CA900D29E83 /* Build configuration list for PBXNativeTarget "HW2" */ = {
			isa = XCConfigurationList;
			buildConfigurations = (
				6C975F0E1A749CA900D29E83 /* Debug */,
				6C975F0F1A749CA900D29E83 /* Release */,
			);
			defaultConfigurationIsVisible = 0;
		};
		6C975F101A749CA900D29E83 /* Build configuration list for PBXNativeTarget "HW2Tests" */ = {
			isa = XCConfigurationList;
			buildConfigurations = (
				6C975F111A749CA900D29E83 /* Debug */,
				6C975F121A749CA900D29E83 /* Release */,
			);
			defaultConfigurationIsVisible = 0;
		};
/* End XCConfigurationList section */
	};
	rootObject = 6C975EE51A749CA900D29E83 /* Project object */;
}
